{
  "name": "minimumtheme",
  "requires": true,
  "lockfileVersion": 1,
  "dependencies": {
    "@types/google.maps": {
      "version": "3.47.4",
      "resolved": "https://registry.npmjs.org/@types/google.maps/-/google.maps-3.47.4.tgz",
      "integrity": "sha512-wgNs0Cb0SpWMBmD5WV560bQ++sdtAOqR6V6qQIA5jZFORLsxat4kVkXOOg7KDFqHwNgYpg36Vai2zXUCTmbtnQ==",
      "dev": true
    },
    "@types/prop-types": {
      "version": "15.7.4",
      "resolved": "https://registry.npmjs.org/@types/prop-types/-/prop-types-15.7.4.tgz",
      "integrity": "sha512-rZ5drC/jWjrArrS8BR6SIr4cWpW09RNTYt9AMZo3Jwwif+iacXAqgVjm0B0Bv/S1jhDXKHqRVNCbACkJ89RAnQ==",
      "dev": true
    },
    "@types/react": {
      "version": "17.0.39",
      "resolved": "https://registry.npmjs.org/@types/react/-/react-17.0.39.tgz",
      "integrity": "sha512-UVavlfAxDd/AgAacMa60Azl7ygyQNRwC/DsHZmKgNvPmRR5p70AJ5Q9EAmL2NWOJmeV+vVUI4IAP7GZrN8h8Ug==",
      "dev": true,
      "requires": {
        "@types/prop-types": "*",
        "@types/scheduler": "*",
        "csstype": "^3.0.2"
      }
    },
    "@types/react-places-autocomplete": {
      "version": "7.2.9",
      "resolved": "https://registry.npmjs.org/@types/react-places-autocomplete/-/react-places-autocomplete-7.2.9.tgz",
      "integrity": "sha512-N5892g3ocleoHsks7G5T9xdJ2kfRblg7yUKJQZ7nFKETIoAr/Gz/ZyogEbrkB1sEvWEJmn5FEYlMM++rZmQf8w==",
      "dev": true,
      "requires": {
        "@types/google.maps": "*",
        "@types/react": "*"
      }
    },
    "@types/scheduler": {
      "version": "0.16.2",
      "resolved": "https://registry.npmjs.org/@types/scheduler/-/scheduler-0.16.2.tgz",
      "integrity": "sha512-hppQEBDmlwhFAXKJX2KnWLYu5yMfi91yazPb2l+lbJiwW+wdo1gNeRA+3RgNSO39WYX2euey41KEwnqesU2Jew==",
      "dev": true
    },
    "csstype": {
      "version": "3.0.10",
      "resolved": "https://registry.npmjs.org/csstype/-/csstype-3.0.10.tgz",
      "integrity": "sha512-2u44ZG2OcNUO9HDp/Jl8C07x6pU/eTR3ncV91SiK3dhG9TWvRVsCoJw14Ckx5DgWkzGA3waZWO3d7pgqpUI/XA==",
      "dev": true
    }
  }
}
